
Microsoft Visual Studio Solution File, Format Version 12.00
# Visual Studio 15
VisualStudioVersion = 15.0.28307.757
MinimumVisualStudioVersion = 10.0.40219.1
Project("{FAE04EC0-301F-11D3-BF4B-00C04F79EFBC}") = "ABC135Console", "ABC135Console\ABC135Console.csproj", "{09D49104-6555-4877-B90A-DDC9C01EAD35}"
EndProject
Project("{FAE04EC0-301F-11D3-BF4B-00C04F79EFBC}") = "ABC136Console", "ABC136Console\ABC136Console.csproj", "{18A7BC24-F753-47ED-B301-5EF5D9D3735D}"
EndProject
Global
	GlobalSection(SolutionConfigurationPlatforms) = preSolution
		Debug|Any CPU = Debug|Any CPU
		Release|Any CPU = Release|Any CPU
	EndGlobalSection
	GlobalSection(ProjectConfigurationPlatforms) = postSolution
		{09D49104-6555-4877-B90A-DDC9C01EAD35}.Debug|Any CPU.ActiveCfg = Debug|Any CPU
		{09D49104-6555-4877-B90A-DDC9C01EAD35}.Debug|Any CPU.Build.0 = Debug|Any CPU
		{09D49104-6555-4877-B90A-DDC9C01EAD35}.Release|Any CPU.ActiveCfg = Release|Any CPU
		{09D49104-6555-4877-B90A-DDC9C01EAD35}.Release|Any CPU.Build.0 = Release|Any CPU
		{18A7BC24-F753-47ED-B301-5EF5D9D3735D}.Debug|Any CPU.ActiveCfg = Debug|Any CPU
		{18A7BC24-F753-47ED-B301-5EF5D9D3735D}.Debug|Any CPU.Build.0 = Debug|Any CPU
		{18A7BC24-F753-47ED-B301-5EF5D9D3735D}.Release|Any CPU.ActiveCfg = Release|Any CPU
		{18A7BC24-F753-47ED-B301-5EF5D9D3735D}.Release|Any CPU.Build.0 = Release|Any CPU
	EndGlobalSection
	GlobalSection(SolutionProperties) = preSolution
		HideSolutionNode = FALSE
	EndGlobalSection
	GlobalSection(ExtensibilityGlobals) = postSolution
		SolutionGuid = {6C117D4A-2088-4E74-9B59-A360ABAFF082}
	EndGlobalSection
EndGlobal
