
Microsoft Visual Studio Solution File, Format Version 12.00
# Visual Studio Version 16
VisualStudioVersion = 16.0.31229.75
MinimumVisualStudioVersion = 10.0.40219.1
Project("{9A19103F-16F7-4668-BE54-9A1E7A4F7556}") = "UnitTest", "UnitTest\UnitTest.csproj", "{F89A8FD3-A133-450C-ADFC-C6299A0CCA2B}"
EndProject
Project("{FAE04EC0-301F-11D3-BF4B-00C04F79EFBC}") = "FibonacciTest", "FibonacciTest\FibonacciTest.csproj", "{0F28E851-6AD7-42B8-AD33-49844176FB26}"
EndProject
Global
	GlobalSection(SolutionConfigurationPlatforms) = preSolution
		Debug|Any CPU = Debug|Any CPU
		Release|Any CPU = Release|Any CPU
	EndGlobalSection
	GlobalSection(ProjectConfigurationPlatforms) = postSolution
		{F89A8FD3-A133-450C-ADFC-C6299A0CCA2B}.Debug|Any CPU.ActiveCfg = Debug|Any CPU
		{F89A8FD3-A133-450C-ADFC-C6299A0CCA2B}.Debug|Any CPU.Build.0 = Debug|Any CPU
		{F89A8FD3-A133-450C-ADFC-C6299A0CCA2B}.Release|Any CPU.ActiveCfg = Release|Any CPU
		{F89A8FD3-A133-450C-ADFC-C6299A0CCA2B}.Release|Any CPU.Build.0 = Release|Any CPU
		{0F28E851-6AD7-42B8-AD33-49844176FB26}.Debug|Any CPU.ActiveCfg = Debug|Any CPU
		{0F28E851-6AD7-42B8-AD33-49844176FB26}.Debug|Any CPU.Build.0 = Debug|Any CPU
		{0F28E851-6AD7-42B8-AD33-49844176FB26}.Release|Any CPU.ActiveCfg = Release|Any CPU
		{0F28E851-6AD7-42B8-AD33-49844176FB26}.Release|Any CPU.Build.0 = Release|Any CPU
	EndGlobalSection
	GlobalSection(SolutionProperties) = preSolution
		HideSolutionNode = FALSE
	EndGlobalSection
	GlobalSection(ExtensibilityGlobals) = postSolution
		SolutionGuid = {558D5534-4B87-4E69-BDD6-B4AC09C27367}
	EndGlobalSection
EndGlobal
