
Microsoft Visual Studio Solution File, Format Version 12.00
# Visual Studio 15
VisualStudioVersion = 15.0.28307.902
MinimumVisualStudioVersion = 10.0.40219.1
Project("{9A19103F-16F7-4668-BE54-9A1E7A4F7556}") = "UnitTest", "UnitTest\UnitTest.csproj", "{20FDC440-6806-4142-90E3-427F7155044D}"
EndProject
Project("{FAE04EC0-301F-11D3-BF4B-00C04F79EFBC}") = "AlgorithmLib", "AlgorithmLib\AlgorithmLib.csproj", "{7AE470F9-C0CD-4203-AE58-643633D6E690}"
EndProject
Global
	GlobalSection(SolutionConfigurationPlatforms) = preSolution
		Debug|Any CPU = Debug|Any CPU
		Release|Any CPU = Release|Any CPU
	EndGlobalSection
	GlobalSection(ProjectConfigurationPlatforms) = postSolution
		{20FDC440-6806-4142-90E3-427F7155044D}.Debug|Any CPU.ActiveCfg = Debug|Any CPU
		{20FDC440-6806-4142-90E3-427F7155044D}.Debug|Any CPU.Build.0 = Debug|Any CPU
		{20FDC440-6806-4142-90E3-427F7155044D}.Release|Any CPU.ActiveCfg = Release|Any CPU
		{20FDC440-6806-4142-90E3-427F7155044D}.Release|Any CPU.Build.0 = Release|Any CPU
		{7AE470F9-C0CD-4203-AE58-643633D6E690}.Debug|Any CPU.ActiveCfg = Debug|Any CPU
		{7AE470F9-C0CD-4203-AE58-643633D6E690}.Debug|Any CPU.Build.0 = Debug|Any CPU
		{7AE470F9-C0CD-4203-AE58-643633D6E690}.Release|Any CPU.ActiveCfg = Release|Any CPU
		{7AE470F9-C0CD-4203-AE58-643633D6E690}.Release|Any CPU.Build.0 = Release|Any CPU
	EndGlobalSection
	GlobalSection(SolutionProperties) = preSolution
		HideSolutionNode = FALSE
	EndGlobalSection
	GlobalSection(ExtensibilityGlobals) = postSolution
		SolutionGuid = {F6964874-2AF8-41AB-BF1B-C6AA64202185}
	EndGlobalSection
EndGlobal
